{
  "name": "native-copilot.nvim",
  "version": "0.1.0",
  "lockfileVersion": 3,
  "requires": true,
  "packages": {
    "": {
      "name": "native-copilot.nvim",
      "version": "0.1.0",
      "dependencies": {
        "@github/copilot-sdk": "1.0.11",
        "zod": "^4.3.6"
      },
      "devDependencies": {
        "@types/node": "^24.10.1",
        "typescript": "^5.9.3"
      },
      "engines": {
        "node": "^20.19.0 || >=22.12.0"
      }
    },
    "node_modules/@github/copilot": {
      "version": "1.0.80",
      "resolved": "https://ms-feed-2.pkgs.visualstudio.com/1es-public/_packaging/npm-public/npm/registry/@github/copilot/-/copilot-1.0.80.tgz",
      "integrity": "sha1-Xxj+QlK/5wzoak0Yb2yt/fkg+uE=",
      "license": "SEE LICENSE IN LICENSE.md",
      "dependencies": {
        "detect-libc": "^2.1.2"
      },
      "bin": {
        "copilot": "npm-loader.js"
      },
      "optionalDependencies": {
        "@github/copilot-darwin-arm64": "1.0.80",
        "@github/copilot-darwin-x64": "1.0.80",
        "@github/copilot-linux-arm64": "1.0.80",
        "@github/copilot-linux-x64": "1.0.80",
        "@github/copilot-linuxmusl-arm64": "1.0.80",
        "@github/copilot-linuxmusl-x64": "1.0.80",
        "@github/copilot-win32-arm64": "1.0.80",
        "@github/copilot-win32-x64": "1.0.80"
      }
    },
    "node_modules/@github/copilot-darwin-arm64": {
      "version": "1.0.80",
      "resolved": "https://ms-feed-17.pkgs.visualstudio.com/1es-public/_packaging/npm-public/npm/registry/@github/copilot-darwin-arm64/-/copilot-darwin-arm64-1.0.80.tgz",
      "integrity": "sha1-O7PeMg8QNrLVmr2oJJ2VVGyswmI=",
      "cpu": [
        "arm64"
      ],
      "license": "SEE LICENSE IN LICENSE.md",
      "optional": true,
      "os": [
        "darwin"
      ],
      "bin": {
        "copilot-darwin-arm64": "copilot"
      }
    },
    "node_modules/@github/copilot-darwin-x64": {
      "version": "1.0.80",
      "resolved": "https://ms-feed-17.pkgs.visualstudio.com/1es-public/_packaging/npm-public/npm/registry/@github/copilot-darwin-x64/-/copilot-darwin-x64-1.0.80.tgz",
      "integrity": "sha1-7p1769kE+APGKTfiFFStYxhq0xg=",
      "cpu": [
        "x64"
      ],
      "license": "SEE LICENSE IN LICENSE.md",
      "optional": true,
      "os": [
        "darwin"
      ],
      "bin": {
        "copilot-darwin-x64": "copilot"
      }
    },
    "node_modules/@github/copilot-linux-arm64": {
      "version": "1.0.80",
      "resolved": "https://ms-feed-17.pkgs.visualstudio.com/1es-public/_packaging/npm-public/npm/registry/@github/copilot-linux-arm64/-/copilot-linux-arm64-1.0.80.tgz",
      "integrity": "sha1-Aq/J59Sy7gw5xSPPD201cxauzgs=",
      "cpu": [
        "arm64"
      ],
      "libc": [
        "glibc"
      ],
      "license": "SEE LICENSE IN LICENSE.md",
      "optional": true,
      "os": [
        "linux"
      ],
      "bin": {
        "copilot-linux-arm64": "copilot"
      }
    },
    "node_modules/@github/copilot-linux-x64": {
      "version": "1.0.80",
      "resolved": "https://ms-feed-25.pkgs.visualstudio.com/1es-public/_packaging/npm-public/npm/registry/@github/copilot-linux-x64/-/copilot-linux-x64-1.0.80.tgz",
      "integrity": "sha1-hBj2Ns8VJ3vRw0l9Uuv51CSad84=",
      "cpu": [
        "x64"
      ],
      "libc": [
        "glibc"
      ],
      "license": "SEE LICENSE IN LICENSE.md",
      "optional": true,
      "os": [
        "linux"
      ],
      "bin": {
        "copilot-linux-x64": "copilot"
      }
    },
    "node_modules/@github/copilot-linuxmusl-arm64": {
      "version": "1.0.80",
      "resolved": "https://ms-feed-25.pkgs.visualstudio.com/1es-public/_packaging/npm-public/npm/registry/@github/copilot-linuxmusl-arm64/-/copilot-linuxmusl-arm64-1.0.80.tgz",
      "integrity": "sha1-Cwqw4hKkb4ZD6w5JXIjbPwTN4+8=",
      "cpu": [
        "arm64"
      ],
      "libc": [
        "musl"
      ],
      "license": "SEE LICENSE IN LICENSE.md",
      "optional": true,
      "os": [
        "linux"
      ],
      "bin": {
        "copilot-linuxmusl-arm64": "copilot"
      }
    },
    "node_modules/@github/copilot-linuxmusl-x64": {
      "version": "1.0.80",
      "resolved": "https://ms-feed-17.pkgs.visualstudio.com/1es-public/_packaging/npm-public/npm/registry/@github/copilot-linuxmusl-x64/-/copilot-linuxmusl-x64-1.0.80.tgz",
      "integrity": "sha1-xdoO4YxkEVl6+VCxg6L5MoqyKVQ=",
      "cpu": [
        "x64"
      ],
      "libc": [
        "musl"
      ],
      "license": "SEE LICENSE IN LICENSE.md",
      "optional": true,
      "os": [
        "linux"
      ],
      "bin": {
        "copilot-linuxmusl-x64": "copilot"
      }
    },
    "node_modules/@github/copilot-sdk": {
      "version": "1.0.11",
      "resolved": "https://ms-feed-2.pkgs.visualstudio.com/1es-public/_packaging/npm-public/npm/registry/@github/copilot-sdk/-/copilot-sdk-1.0.11.tgz",
      "integrity": "sha1-ZgXSGhM2QbIIDM5cbqFETwCSVzI=",
      "license": "MIT",
      "dependencies": {
        "@github/copilot": "^1.0.79",
        "koffi": "^3.1.0",
        "vscode-jsonrpc": "^8.2.1",
        "zod": "^4.3.6"
      },
      "engines": {
        "node": "^20.19.0 || >=22.12.0"
      }
    },
    "node_modules/@github/copilot-win32-arm64": {
      "version": "1.0.80",
      "resolved": "https://ms-feed-25.pkgs.visualstudio.com/1es-public/_packaging/npm-public/npm/registry/@github/copilot-win32-arm64/-/copilot-win32-arm64-1.0.80.tgz",
      "integrity": "sha1-2yqFs2UqUisEYq5kix1sxHVykhA=",
      "cpu": [
        "arm64"
      ],
      "license": "SEE LICENSE IN LICENSE.md",
      "optional": true,
      "os": [
        "win32"
      ],
      "bin": {
        "copilot-win32-arm64": "copilot.exe"
      }
    },
    "node_modules/@github/copilot-win32-x64": {
      "version": "1.0.80",
      "resolved": "https://ms-feed-25.pkgs.visualstudio.com/1es-public/_packaging/npm-public/npm/registry/@github/copilot-win32-x64/-/copilot-win32-x64-1.0.80.tgz",
      "integrity": "sha1-MS+ioPfBrZNg2EVr9z3CXfR14Ug=",
      "cpu": [
        "x64"
      ],
      "license": "SEE LICENSE IN LICENSE.md",
      "optional": true,
      "os": [
        "win32"
      ],
      "bin": {
        "copilot-win32-x64": "copilot.exe"
      }
    },
    "node_modules/@koromix/koffi-darwin-arm64": {
      "version": "3.1.5",
      "resolved": "https://ms-feed-2.pkgs.visualstudio.com/1es-public/_packaging/npm-public/npm/registry/@koromix/koffi-darwin-arm64/-/koffi-darwin-arm64-3.1.5.tgz",
      "integrity": "sha1-dVT78FlWzhvy/6P8WsA83+9YqfQ=",
      "cpu": [
        "arm64"
      ],
      "license": "MIT",
      "optional": true,
      "os": [
        "darwin"
      ],
      "funding": {
        "url": "https://liberapay.com/Koromix"
      }
    },
    "node_modules/@koromix/koffi-darwin-x64": {
      "version": "3.1.5",
      "resolved": "https://ms-feed-2.pkgs.visualstudio.com/1es-public/_packaging/npm-public/npm/registry/@koromix/koffi-darwin-x64/-/koffi-darwin-x64-3.1.5.tgz",
      "integrity": "sha1-PZpFvEdX1Ir9n22d5gRi9P16ePc=",
      "cpu": [
        "x64"
      ],
      "license": "MIT",
      "optional": true,
      "os": [
        "darwin"
      ],
      "funding": {
        "url": "https://liberapay.com/Koromix"
      }
    },
    "node_modules/@koromix/koffi-freebsd-arm64": {
      "version": "3.1.5",
      "resolved": "https://ms-feed-25.pkgs.visualstudio.com/1es-public/_packaging/npm-public/npm/registry/@koromix/koffi-freebsd-arm64/-/koffi-freebsd-arm64-3.1.5.tgz",
      "integrity": "sha1-fzzVL5Ieb6a1IYrim7YRuJX3qj4=",
      "cpu": [
        "arm64"
      ],
      "license": "MIT",
      "optional": true,
      "os": [
        "freebsd"
      ],
      "funding": {
        "url": "https://liberapay.com/Koromix"
      }
    },
    "node_modules/@koromix/koffi-freebsd-ia32": {
      "version": "3.1.5",
      "resolved": "https://ms-feed-12.pkgs.visualstudio.com/1es-public/_packaging/npm-public/npm/registry/@koromix/koffi-freebsd-ia32/-/koffi-freebsd-ia32-3.1.5.tgz",
      "integrity": "sha1-h5r7DYMEUgIyRR1n3rJc2YDV4iQ=",
      "cpu": [
        "ia32"
      ],
      "license": "MIT",
      "optional": true,
      "os": [
        "freebsd"
      ],
      "funding": {
        "url": "https://liberapay.com/Koromix"
      }
    },
    "node_modules/@koromix/koffi-freebsd-x64": {
      "version": "3.1.5",
      "resolved": "https://ms-feed-25.pkgs.visualstudio.com/1es-public/_packaging/npm-public/npm/registry/@koromix/koffi-freebsd-x64/-/koffi-freebsd-x64-3.1.5.tgz",
      "integrity": "sha1-CZtiFYZ4o4bzlrN5TU0vKQrYP5Y=",
      "cpu": [
        "x64"
      ],
      "license": "MIT",
      "optional": true,
      "os": [
        "freebsd"
      ],
      "funding": {
        "url": "https://liberapay.com/Koromix"
      }
    },
    "node_modules/@koromix/koffi-linux-arm64": {
      "version": "3.1.5",
      "resolved": "https://ms-feed-12.pkgs.visualstudio.com/1es-public/_packaging/npm-public/npm/registry/@koromix/koffi-linux-arm64/-/koffi-linux-arm64-3.1.5.tgz",
      "integrity": "sha1-EJgna9/8uKH16y9GCV+9QgH9mFw=",
      "cpu": [
        "arm64"
      ],
      "license": "MIT",
      "optional": true,
      "os": [
        "linux"
      ],
      "funding": {
        "url": "https://liberapay.com/Koromix"
      }
    },
    "node_modules/@koromix/koffi-linux-ia32": {
      "version": "3.1.5",
      "resolved": "https://ms-feed-25.pkgs.visualstudio.com/1es-public/_packaging/npm-public/npm/registry/@koromix/koffi-linux-ia32/-/koffi-linux-ia32-3.1.5.tgz",
      "integrity": "sha1-+L5gH0gJV3FMvaKf0my6zrk75WU=",
      "cpu": [
        "ia32"
      ],
      "license": "MIT",
      "optional": true,
      "os": [
        "linux"
      ],
      "funding": {
        "url": "https://liberapay.com/Koromix"
      }
    },
    "node_modules/@koromix/koffi-linux-loong64": {
      "version": "3.1.5",
      "resolved": "https://ms-feed-12.pkgs.visualstudio.com/1es-public/_packaging/npm-public/npm/registry/@koromix/koffi-linux-loong64/-/koffi-linux-loong64-3.1.5.tgz",
      "integrity": "sha1-dW3xEvh7mVfXrwJDbCA8d4/9SGA=",
      "cpu": [
        "loong64"
      ],
      "license": "MIT",
      "optional": true,
      "os": [
        "linux"
      ],
      "funding": {
        "url": "https://liberapay.com/Koromix"
      }
    },
    "node_modules/@koromix/koffi-linux-riscv64": {
      "version": "3.1.5",
      "resolved": "https://ms-feed-17.pkgs.visualstudio.com/1es-public/_packaging/npm-public/npm/registry/@koromix/koffi-linux-riscv64/-/koffi-linux-riscv64-3.1.5.tgz",
      "integrity": "sha1-IQe/GnTvmSe8WkMHWTF8OT2istk=",
      "cpu": [
        "riscv64"
      ],
      "license": "MIT",
      "optional": true,
      "os": [
        "linux"
      ],
      "funding": {
        "url": "https://liberapay.com/Koromix"
      }
    },
    "node_modules/@koromix/koffi-linux-x64": {
      "version": "3.1.5",
      "resolved": "https://ms-feed-25.pkgs.visualstudio.com/1es-public/_packaging/npm-public/npm/registry/@koromix/koffi-linux-x64/-/koffi-linux-x64-3.1.5.tgz",
      "integrity": "sha1-/kAik0GnHhgUUW3RPepnLfaClMM=",
      "cpu": [
        "x64"
      ],
      "license": "MIT",
      "optional": true,
      "os": [
        "linux"
      ],
      "funding": {
        "url": "https://liberapay.com/Koromix"
      }
    },
    "node_modules/@koromix/koffi-openbsd-ia32": {
      "version": "3.1.5",
      "resolved": "https://ms-feed-2.pkgs.visualstudio.com/1es-public/_packaging/npm-public/npm/registry/@koromix/koffi-openbsd-ia32/-/koffi-openbsd-ia32-3.1.5.tgz",
      "integrity": "sha1-u6yW6+ai08JeFInjnTkEyTrlMkA=",
      "cpu": [
        "ia32"
      ],
      "license": "MIT",
      "optional": true,
      "os": [
        "openbsd"
      ],
      "funding": {
        "url": "https://liberapay.com/Koromix"
      }
    },
    "node_modules/@koromix/koffi-openbsd-x64": {
      "version": "3.1.5",
      "resolved": "https://ms-feed-2.pkgs.visualstudio.com/1es-public/_packaging/npm-public/npm/registry/@koromix/koffi-openbsd-x64/-/koffi-openbsd-x64-3.1.5.tgz",
      "integrity": "sha1-HhkHJcbpxbUsLAwSXVfalIaJztM=",
      "cpu": [
        "x64"
      ],
      "license": "MIT",
      "optional": true,
      "os": [
        "openbsd"
      ],
      "funding": {
        "url": "https://liberapay.com/Koromix"
      }
    },
    "node_modules/@koromix/koffi-win32-arm64": {
      "version": "3.1.5",
      "resolved": "https://ms-feed-2.pkgs.visualstudio.com/1es-public/_packaging/npm-public/npm/registry/@koromix/koffi-win32-arm64/-/koffi-win32-arm64-3.1.5.tgz",
      "integrity": "sha1-NWkslOZPNO8jGkOytoeb6zBtbJI=",
      "cpu": [
        "arm64"
      ],
      "license": "MIT",
      "optional": true,
      "os": [
        "win32"
      ],
      "funding": {
        "url": "https://liberapay.com/Koromix"
      }
    },
    "node_modules/@koromix/koffi-win32-ia32": {
      "version": "3.1.5",
      "resolved": "https://ms-feed-25.pkgs.visualstudio.com/1es-public/_packaging/npm-public/npm/registry/@koromix/koffi-win32-ia32/-/koffi-win32-ia32-3.1.5.tgz",
      "integrity": "sha1-J0KyfcSe7rTBVCscsboJlmPC0Ho=",
      "cpu": [
        "ia32"
      ],
      "license": "MIT",
      "optional": true,
      "os": [
        "win32"
      ],
      "funding": {
        "url": "https://liberapay.com/Koromix"
      }
    },
    "node_modules/@koromix/koffi-win32-x64": {
      "version": "3.1.5",
      "resolved": "https://ms-feed-17.pkgs.visualstudio.com/1es-public/_packaging/npm-public/npm/registry/@koromix/koffi-win32-x64/-/koffi-win32-x64-3.1.5.tgz",
      "integrity": "sha1-W54lB/sUgj3VumBo473UE4XsZoE=",
      "cpu": [
        "x64"
      ],
      "license": "MIT",
      "optional": true,
      "os": [
        "win32"
      ],
      "funding": {
        "url": "https://liberapay.com/Koromix"
      }
    },
    "node_modules/@types/node": {
      "version": "24.13.3",
      "resolved": "https://ms-feed-25.pkgs.visualstudio.com/1es-public/_packaging/npm-public/npm/registry/@types/node/-/node-24.13.3.tgz",
      "integrity": "sha1-SfGL08ZHhm3NpRoHVsFF4UWQzhY=",
      "dev": true,
      "license": "MIT",
      "dependencies": {
        "undici-types": "~7.18.0"
      }
    },
    "node_modules/detect-libc": {
      "version": "2.1.2",
      "resolved": "https://ms-feed-25.pkgs.visualstudio.com/1es-public/_packaging/npm-public/npm/registry/detect-libc/-/detect-libc-2.1.2.tgz",
      "integrity": "sha1-aJxdzcGQDvVYOky59te0c3QgdK0=",
      "license": "Apache-2.0",
      "engines": {
        "node": ">=8"
      }
    },
    "node_modules/koffi": {
      "version": "3.1.5",
      "resolved": "https://ms-feed-25.pkgs.visualstudio.com/1es-public/_packaging/npm-public/npm/registry/koffi/-/koffi-3.1.5.tgz",
      "integrity": "sha1-NoJza/0IceFLIkZBC8oh2WjO3FY=",
      "hasInstallScript": true,
      "license": "MIT",
      "funding": {
        "url": "https://liberapay.com/Koromix"
      },
      "optionalDependencies": {
        "@koromix/koffi-darwin-arm64": "3.1.5",
        "@koromix/koffi-darwin-x64": "3.1.5",
        "@koromix/koffi-freebsd-arm64": "3.1.5",
        "@koromix/koffi-freebsd-ia32": "3.1.5",
        "@koromix/koffi-freebsd-x64": "3.1.5",
        "@koromix/koffi-linux-arm64": "3.1.5",
        "@koromix/koffi-linux-ia32": "3.1.5",
        "@koromix/koffi-linux-loong64": "3.1.5",
        "@koromix/koffi-linux-riscv64": "3.1.5",
        "@koromix/koffi-linux-x64": "3.1.5",
        "@koromix/koffi-openbsd-ia32": "3.1.5",
        "@koromix/koffi-openbsd-x64": "3.1.5",
        "@koromix/koffi-win32-arm64": "3.1.5",
        "@koromix/koffi-win32-ia32": "3.1.5",
        "@koromix/koffi-win32-x64": "3.1.5"
      }
    },
    "node_modules/typescript": {
      "version": "5.9.3",
      "resolved": "https://ms-feed-17.pkgs.visualstudio.com/1es-public/_packaging/npm-public/npm/registry/typescript/-/typescript-5.9.3.tgz",
      "integrity": "sha1-W09Z4VMQqxeiFvXWz1PuR27eZw8=",
      "dev": true,
      "license": "Apache-2.0",
      "bin": {
        "tsc": "bin/tsc",
        "tsserver": "bin/tsserver"
      },
      "engines": {
        "node": ">=14.17"
      }
    },
    "node_modules/undici-types": {
      "version": "7.18.2",
      "resolved": "https://ms-feed-12.pkgs.visualstudio.com/1es-public/_packaging/npm-public/npm/registry/undici-types/-/undici-types-7.18.2.tgz",
      "integrity": "sha1-KTV6iee3ykrvO/D9P9DNc4hCKek=",
      "dev": true,
      "license": "MIT"
    },
    "node_modules/vscode-jsonrpc": {
      "version": "8.2.1",
      "resolved": "https://ms-feed-17.pkgs.visualstudio.com/1es-public/_packaging/npm-public/npm/registry/vscode-jsonrpc/-/vscode-jsonrpc-8.2.1.tgz",
      "integrity": "sha1-oyLMDx2X95T/2cTNKomKC94JfzQ=",
      "license": "MIT",
      "engines": {
        "node": ">=14.0.0"
      }
    },
    "node_modules/zod": {
      "version": "4.4.3",
      "resolved": "https://ms-feed-12.pkgs.visualstudio.com/1es-public/_packaging/npm-public/npm/registry/zod/-/zod-4.4.3.tgz",
      "integrity": "sha1-toDxcohdGLvr8hqDTqJeVaG781Y=",
      "license": "MIT",
      "funding": {
        "url": "https://github.com/sponsors/colinhacks"
      }
    }
  }
}
